// !$*UTF8*$!
{
	archiveVersion = 1;
	classes = {
	};
	objectVersion = 50;
	objects = {

/* Begin PBXBuildFile section */
		EBBF0BF425145A4900389AF1 /* AppDelegate.swift in Sources */ = {isa = PBXBuildFile; fileRef = EBBF0BF325145A4900389AF1 /* AppDelegate.swift */; };
		EBBF0BF625145A4900389AF1 /* SceneDelegate.swift in Sources */ = {isa = PBXBuildFile; fileRef = EBBF0BF525145A4900389AF1 /* SceneDelegate.swift */; };
		EBBF0BFB25145A4900389AF1 /* Main.storyboard in Resources */ = {isa = PBXBuildFile; fileRef = EBBF0BF925145A4900389AF1 /* Main.storyboard */; };
		EBBF0BFD25145A4A00389AF1 /* Assets.xcassets in Resources */ = {isa = PBXBuildFile; fileRef = EBBF0BFC25145A4A00389AF1 /* Assets.xcassets */; };
		EBBF0C0025145A4A00389AF1 /* LaunchScreen.storyboard in Resources */ = {isa = PBXBuildFile; fileRef = EBBF0BFE25145A4A00389AF1 /* LaunchScreen.storyboard */; };
/* End PBXBuildFile section */

/* Begin PBXFileReference section */
		EBBF0BF025145A4900389AF1 /* MySmashHub.app */ = {isa = PBXFileReference; explicitFileType = wrapper.application; includeInIndex = 0; path = MySmashHub.app; sourceTree = BUILT_PRODUCTS_DIR; };
		EBBF0BF325145A4900389AF1 /* AppDelegate.swift */ = {isa = PBXFileReference; lastKnownFileType = sourcecode.swift; path = AppDelegate.swift; sourceTree = "<group>"; };
		EBBF0BF525145A4900389AF1 /* SceneDelegate.swift */ = {isa = PBXFileReference; lastKnownFileType = sourcecode.swift; path = SceneDelegate.swift; sourceTree = "<group>"; };
		EBBF0BFA25145A4900389AF1 /* Base */ = {isa = PBXFileReference; lastKnownFileType = file.storyboard; name = Base; path = Base.lproj/Main.storyboard; sourceTree = "<group>"; };
		EBBF0BFC25145A4A00389AF1 /* Assets.xcassets */ = {isa = PBXFileReference; lastKnownFileType = folder.assetcatalog; path = Assets.xcassets; sourceTree = "<group>"; };
		EBBF0BFF25145A4A00389AF1 /* Base */ = {isa = PBXFileReference; lastKnownFileType = file.storyboard; name = Base; path = Base.lproj/LaunchScreen.storyboard; sourceTree = "<group>"; };
		EBBF0C0125145A4A00389AF1 /* Info.plist */ = {isa = PBXFileReference; lastKnownFileType = text.plist.xml; path = Info.plist; sourceTree = "<group>"; };
/* End PBXFileReference section */

/* Begin PBXFrameworksBuildPhase section */
		EBBF0BED25145A4900389AF1 /* Frameworks */ = {
			isa = PBXFrameworksBuildPhase;
			buildActionMask = 2147483647;
			files = (
			);
			runOnlyForDeploymentPostprocessing = 0;
		};
/* End PBXFrameworksBuildPhase section */

/* Begin PBXGroup section */
		EBBF0BE725145A4900389AF1 = {
			isa = PBXGroup;
			children = (
				EBBF0BF225145A4900389AF1 /* MySmashHub */,
				EBBF0BF125145A4900389AF1 /* Products */,
			);
			sourceTree = "<group>";
		};
		EBBF0BF125145A4900389AF1 /* Products */ = {
			isa = PBXGroup;
			children = (
				EBBF0BF025145A4900389AF1 /* MySmashHub.app */,
			);
			name = Products;
			sourceTree = "<group>";
		};
		EBBF0BF225145A4900389AF1 /* MySmashHub */ = {
			isa = PBXGroup;
			children = (
				EBBF0C0C25145A7900389AF1 /* Models */,
				EBBF0C0B25145A7800389AF1 /* Views */,
				EBBF0C0A25145A7700389AF1 /* Controlelrs */,
				EBBF0C0825145A5100389AF1 /* Resources */,
			);
			path = MySmashHub;
			sourceTree = "<group>";
		};
		EBBF0C0825145A5100389AF1 /* Resources */ = {
			isa = PBXGroup;
			children = (
				EBBF0BF325145A4900389AF1 /* AppDelegate.swift */,
				EBBF0BF525145A4900389AF1 /* SceneDelegate.swift */,
				EBBF0BFC25145A4A00389AF1 /* Assets.xcassets */,
				EBBF0BFE25145A4A00389AF1 /* LaunchScreen.storyboard */,
				EBBF0C0125145A4A00389AF1 /* Info.plist */,
			);
			path = Resources;
			sourceTree = "<group>";
		};
		EBBF0C0A25145A7700389AF1 /* Controlelrs */ = {
			isa = PBXGroup;
			children = (
			);
			path = Controlelrs;
			sourceTree = "<group>";
		};
		EBBF0C0B25145A7800389AF1 /* Views */ = {
			isa = PBXGroup;
			children = (
				EBBF0C0D25145A9D00389AF1 /* Storyboareds */,
			);
			path = Views;
			sourceTree = "<group>";
		};
		EBBF0C0C25145A7900389AF1 /* Models */ = {
			isa = PBXGroup;
			children = (
			);
			path = Models;
			sourceTree = "<group>";
		};
		EBBF0C0D25145A9D00389AF1 /* Storyboareds */ = {
			isa = PBXGroup;
			children = (
				EBBF0BF925145A4900389AF1 /* Main.storyboard */,
			);
			path = Storyboareds;
			sourceTree = "<group>";
		};
/* End PBXGroup section */

/* Begin PBXNativeTarget section */
		EBBF0BEF25145A4900389AF1 /* MySmashHub */ = {
			isa = PBXNativeTarget;
			buildConfigurationList = EBBF0C0425145A4A00389AF1 /* Build configuration list for PBXNativeTarget "MySmashHub" */;
			buildPhases = (
				EBBF0BEC25145A4900389AF1 /* Sources */,
				EBBF0BED25145A4900389AF1 /* Frameworks */,
				EBBF0BEE25145A4900389AF1 /* Resources */,
			);
			buildRules = (
			);
			dependencies = (
			);
			name = MySmashHub;
			productName = MySmashHub;
			productReference = EBBF0BF025145A4900389AF1 /* MySmashHub.app */;
			productType = "com.apple.product-type.application";
		};
/* End PBXNativeTarget section */

/* Begin PBXProject section */
		EBBF0BE825145A4900389AF1 /* Project object */ = {
			isa = PBXProject;
			attributes = {
				LastSwiftUpdateCheck = 1200;
				LastUpgradeCheck = 1200;
				TargetAttributes = {
					EBBF0BEF25145A4900389AF1 = {
						CreatedOnToolsVersion = 12.0;
					};
				};
			};
			buildConfigurationList = EBBF0BEB25145A4900389AF1 /* Build configuration list for PBXProject "MySmashHub" */;
			compatibilityVersion = "Xcode 9.3";
			developmentRegion = en;
			hasScannedForEncodings = 0;
			knownRegions = (
				en,
				Base,
			);
			mainGroup = EBBF0BE725145A4900389AF1;
			productRefGroup = EBBF0BF125145A4900389AF1 /* Products */;
			projectDirPath = "";
			projectRoot = "";
			targets = (
				EBBF0BEF25145A4900389AF1 /* MySmashHub */,
			);
		};
/* End PBXProject section */

/* Begin PBXResourcesBuildPhase section */
		EBBF0BEE25145A4900389AF1 /* Resources */ = {
			isa = PBXResourcesBuildPhase;
			buildActionMask = 2147483647;
			files = (
				EBBF0C0025145A4A00389AF1 /* LaunchScreen.storyboard in Resources */,
				EBBF0BFD25145A4A00389AF1 /* Assets.xcassets in Resources */,
				EBBF0BFB25145A4900389AF1 /* Main.storyboard in Resources */,
			);
			runOnlyForDeploymentPostprocessing = 0;
		};
/* End PBXResourcesBuildPhase section */

/* Begin PBXSourcesBuildPhase section */
		EBBF0BEC25145A4900389AF1 /* Sources */ = {
			isa = PBXSourcesBuildPhase;
			buildActionMask = 2147483647;
			files = (
				EBBF0BF425145A4900389AF1 /* AppDelegate.swift in Sources */,
				EBBF0BF625145A4900389AF1 /* SceneDelegate.swift in Sources */,
			);
			runOnlyForDeploymentPostprocessing = 0;
		};
/* End PBXSourcesBuildPhase section */

/* Begin PBXVariantGroup section */
		EBBF0BF925145A4900389AF1 /* Main.storyboard */ = {
			isa = PBXVariantGroup;
			children = (
				EBBF0BFA25145A4900389AF1 /* Base */,
			);
			name = Main.storyboard;
			sourceTree = "<group>";
		};
		EBBF0BFE25145A4A00389AF1 /* LaunchScreen.storyboard */ = {
			isa = PBXVariantGroup;
			children = (
				EBBF0BFF25145A4A00389AF1 /* Base */,
			);
			name = LaunchScreen.storyboard;
			sourceTree = "<group>";
		};
/* End PBXVariantGroup section */

/* Begin XCBuildConfiguration section */
		EBBF0C0225145A4A00389AF1 /* Debug */ = {
			isa = XCBuildConfiguration;
			buildSettings = {
				ALWAYS_SEARCH_USER_PATHS = NO;
				CLANG_ANALYZER_NONNULL = YES;
				CLANG_ANALYZER_NUMBER_OBJECT_CONVERSION = YES_AGGRESSIVE;
				CLANG_CXX_LANGUAGE_STANDARD = "gnu++14";
				CLANG_CXX_LIBRARY = "libc++";
				CLANG_ENABLE_MODULES = YES;
				CLANG_ENABLE_OBJC_ARC = YES;
				CLANG_ENABLE_OBJC_WEAK = YES;
				CLANG_WARN_BLOCK_CAPTURE_AUTORELEASING = YES;
				CLANG_WARN_BOOL_CONVERSION = YES;
				CLANG_WARN_COMMA = YES;
				CLANG_WARN_CONSTANT_CONVERSION = YES;
				CLANG_WARN_DEPRECATED_OBJC_IMPLEMENTATIONS = YES;
				CLANG_WARN_DIRECT_OBJC_ISA_USAGE = YES_ERROR;
				CLANG_WARN_DOCUMENTATION_COMMENTS = YES;
				CLANG_WARN_EMPTY_BODY = YES;
				CLANG_WARN_ENUM_CONVERSION = YES;
				CLANG_WARN_INFINITE_RECURSION = YES;
				CLANG_WARN_INT_CONVERSION = YES;
				CLANG_WARN_NON_LITERAL_NULL_CONVERSION = YES;
				CLANG_WARN_OBJC_IMPLICIT_RETAIN_SELF = YES;
				CLANG_WARN_OBJC_LITERAL_CONVERSION = YES;
				CLANG_WARN_OBJC_ROOT_CLASS = YES_ERROR;
				CLANG_WARN_QUOTED_INCLUDE_IN_FRAMEWORK_HEADER = YES;
				CLANG_WARN_RANGE_LOOP_ANALYSIS = YES;
				CLANG_WARN_STRICT_PROTOTYPES = YES;
				CLANG_WARN_SUSPICIOUS_MOVE = YES;
				CLANG_WARN_UNGUARDED_AVAILABILITY = YES_AGGRESSIVE;
				CLANG_WARN_UNREACHABLE_CODE = YES;
				CLANG_WARN__DUPLICATE_METHOD_MATCH = YES;
				COPY_PHASE_STRIP = NO;
				DEBUG_INFORMATION_FORMAT = dwarf;
				ENABLE_STRICT_OBJC_MSGSEND = YES;
				ENABLE_TESTABILITY = YES;
				GCC_C_LANGUAGE_STANDARD = gnu11;
				GCC_DYNAMIC_NO_PIC = NO;
				GCC_NO_COMMON_BLOCKS = YES;
				GCC_OPTIMIZATION_LEVEL = 0;
				GCC_PREPROCESSOR_DEFINITIONS = (
					"DEBUG=1",
					"$(inherited)",
				);
				GCC_WARN_64_TO_32_BIT_CONVERSION = YES;
				GCC_WARN_ABOUT_RETURN_TYPE = YES_ERROR;
				GCC_WARN_UNDECLARED_SELECTOR = YES;
				GCC_WARN_UNINITIALIZED_AUTOS = YES_AGGRESSIVE;
				GCC_WARN_UNUSED_FUNCTION = YES;
				GCC_WARN_UNUSED_VARIABLE = YES;
				IPHONEOS_DEPLOYMENT_TARGET = 14.0;
				MTL_ENABLE_DEBUG_INFO = INCLUDE_SOURCE;
				MTL_FAST_MATH = YES;
				ONLY_ACTIVE_ARCH = YES;
				SDKROOT = iphoneos;
				SWIFT_ACTIVE_COMPILATION_CONDITIONS = DEBUG;
				SWIFT_OPTIMIZATION_LEVEL = "-Onone";
			};
			name = Debug;
		};
		EBBF0C0325145A4A00389AF1 /* Release */ = {
			isa = XCBuildConfiguration;
			buildSettings = {
				ALWAYS_SEARCH_USER_PATHS = NO;
				CLANG_ANALYZER_NONNULL = YES;
				CLANG_ANALYZER_NUMBER_OBJECT_CONVERSION = YES_AGGRESSIVE;
				CLANG_CXX_LANGUAGE_STANDARD = "gnu++14";
				CLANG_CXX_LIBRARY = "libc++";
				CLANG_ENABLE_MODULES = YES;
				CLANG_ENABLE_OBJC_ARC = YES;
				CLANG_ENABLE_OBJC_WEAK = YES;
				CLANG_WARN_BLOCK_CAPTURE_AUTORELEASING = YES;
				CLANG_WARN_BOOL_CONVERSION = YES;
				CLANG_WARN_COMMA = YES;
				CLANG_WARN_CONSTANT_CONVERSION = YES;
				CLANG_WARN_DEPRECATED_OBJC_IMPLEMENTATIONS = YES;
				CLANG_WARN_DIRECT_OBJC_ISA_USAGE = YES_ERROR;
				CLANG_WARN_DOCUMENTATION_COMMENTS = YES;
				CLANG_WARN_EMPTY_BODY = YES;
				CLANG_WARN_ENUM_CONVERSION = YES;
				CLANG_WARN_INFINITE_RECURSION = YES;
				CLANG_WARN_INT_CONVERSION = YES;
				CLANG_WARN_NON_LITERAL_NULL_CONVERSION = YES;
				CLANG_WARN_OBJC_IMPLICIT_RETAIN_SELF = YES;
				CLANG_WARN_OBJC_LITERAL_CONVERSION = YES;
				CLANG_WARN_OBJC_ROOT_CLASS = YES_ERROR;
				CLANG_WARN_QUOTED_INCLUDE_IN_FRAMEWORK_HEADER = YES;
				CLANG_WARN_RANGE_LOOP_ANALYSIS = YES;
				CLANG_WARN_STRICT_PROTOTYPES = YES;
				CLANG_WARN_SUSPICIOUS_MOVE = YES;
				CLANG_WARN_UNGUARDED_AVAILABILITY = YES_AGGRESSIVE;
				CLANG_WARN_UNREACHABLE_CODE = YES;
				CLANG_WARN__DUPLICATE_METHOD_MATCH = YES;
				COPY_PHASE_STRIP = NO;
				DEBUG_INFORMATION_FORMAT = "dwarf-with-dsym";
				ENABLE_NS_ASSERTIONS = NO;
				ENABLE_STRICT_OBJC_MSGSEND = YES;
				GCC_C_LANGUAGE_STANDARD = gnu11;
				GCC_NO_COMMON_BLOCKS = YES;
				GCC_WARN_64_TO_32_BIT_CONVERSION = YES;
				GCC_WARN_ABOUT_RETURN_TYPE = YES_ERROR;
				GCC_WARN_UNDECLARED_SELECTOR = YES;
				GCC_WARN_UNINITIALIZED_AUTOS = YES_AGGRESSIVE;
				GCC_WARN_UNUSED_FUNCTION = YES;
				GCC_WARN_UNUSED_VARIABLE = YES;
				IPHONEOS_DEPLOYMENT_TARGET = 14.0;
				MTL_ENABLE_DEBUG_INFO = NO;
				MTL_FAST_MATH = YES;
				SDKROOT = iphoneos;
				SWIFT_COMPILATION_MODE = wholemodule;
				SWIFT_OPTIMIZATION_LEVEL = "-O";
				VALIDATE_PRODUCT = YES;
			};
			name = Release;
		};
		EBBF0C0525145A4A00389AF1 /* Debug */ = {
			isa = XCBuildConfiguration;
			buildSettings = {
				ASSETCATALOG_COMPILER_APPICON_NAME = AppIcon;
				ASSETCATALOG_COMPILER_GLOBAL_ACCENT_COLOR_NAME = AccentColor;
				CODE_SIGN_STYLE = Automatic;
				DEVELOPMENT_TEAM = 7C8HG37K7Q;
				INFOPLIST_FILE = "$(SRCROOT)/MySmashHub/Resources/Info.plist";
				LD_RUNPATH_SEARCH_PATHS = (
					"$(inherited)",
					"@executable_path/Frameworks",
				);
				PRODUCT_BUNDLE_IDENTIFIER = Haz.MySmashHub;
				PRODUCT_NAME = "$(TARGET_NAME)";
				SWIFT_VERSION = 5.0;
				TARGETED_DEVICE_FAMILY = "1,2";
			};
			name = Debug;
		};
		EBBF0C0625145A4A00389AF1 /* Release */ = {
			isa = XCBuildConfiguration;
			buildSettings = {
				ASSETCATALOG_COMPILER_APPICON_NAME = AppIcon;
				ASSETCATALOG_COMPILER_GLOBAL_ACCENT_COLOR_NAME = AccentColor;
				CODE_SIGN_STYLE = Automatic;
				DEVELOPMENT_TEAM = 7C8HG37K7Q;
				INFOPLIST_FILE = "$(SRCROOT)/MySmashHub/Resources/Info.plist";
				LD_RUNPATH_SEARCH_PATHS = (
					"$(inherited)",
					"@executable_path/Frameworks",
				);
				PRODUCT_BUNDLE_IDENTIFIER = Haz.MySmashHub;
				PRODUCT_NAME = "$(TARGET_NAME)";
				SWIFT_VERSION = 5.0;
				TARGETED_DEVICE_FAMILY = "1,2";
			};
			name = Release;
		};
/* End XCBuildConfiguration section */

/* Begin XCConfigurationList section */
		EBBF0BEB25145A4900389AF1 /* Build configuration list for PBXProject "MySmashHub" */ = {
			isa = XCConfigurationList;
			buildConfigurations = (
				EBBF0C0225145A4A00389AF1 /* Debug */,
				EBBF0C0325145A4A00389AF1 /* Release */,
			);
			defaultConfigurationIsVisible = 0;
			defaultConfigurationName = Release;
		};
		EBBF0C0425145A4A00389AF1 /* Build configuration list for PBXNativeTarget "MySmashHub" */ = {
			isa = XCConfigurationList;
			buildConfigurations = (
				EBBF0C0525145A4A00389AF1 /* Debug */,
				EBBF0C0625145A4A00389AF1 /* Release */,
			);
			defaultConfigurationIsVisible = 0;
			defaultConfigurationName = Release;
		};
/* End XCConfigurationList section */
	};
	rootObject = EBBF0BE825145A4900389AF1 /* Project object */;
}
